
Microsoft Visual Studio Solution File, Format Version 11.00
# Visual Studio 2010
Project("{FAE04EC0-301F-11D3-BF4B-00C04F79EFBC}") = "SteamVR", "SteamVR.csproj", "{398B8B46-6551-46F0-A007-417C48C4CDD9}"
EndProject
Project("{FAE04EC0-301F-11D3-BF4B-00C04F79EFBC}") = "SteamVR_Editor", "SteamVR_Editor.csproj", "{029B7261-34F9-3805-78E7-067F8C499745}"
EndProject
Project("{FAE04EC0-301F-11D3-BF4B-00C04F79EFBC}") = "SteamVR_Input_Editor", "SteamVR_Input_Editor.csproj", "{2EBB1668-1F54-1484-03FC-1AD57FD1D4D3}"
EndProject
Project("{FAE04EC0-301F-11D3-BF4B-00C04F79EFBC}") = "SteamVR_Windows_EditorHelper", "SteamVR_Windows_EditorHelper.csproj", "{A69F31EC-CAF0-B926-C5F6-2C4EAA58CB0D}"
EndProject
Global
	GlobalSection(SolutionConfigurationPlatforms) = preSolution
		Debug|Any CPU = Debug|Any CPU
		Release|Any CPU = Release|Any CPU
	EndGlobalSection
	GlobalSection(ProjectConfigurationPlatforms) = postSolution
		{398B8B46-6551-46F0-A007-417C48C4CDD9}.Debug|Any CPU.ActiveCfg = Debug|Any CPU
		{398B8B46-6551-46F0-A007-417C48C4CDD9}.Debug|Any CPU.Build.0 = Debug|Any CPU
		{398B8B46-6551-46F0-A007-417C48C4CDD9}.Release|Any CPU.ActiveCfg = Release|Any CPU
		{398B8B46-6551-46F0-A007-417C48C4CDD9}.Release|Any CPU.Build.0 = Release|Any CPU
		{029B7261-34F9-3805-78E7-067F8C499745}.Debug|Any CPU.ActiveCfg = Debug|Any CPU
		{029B7261-34F9-3805-78E7-067F8C499745}.Debug|Any CPU.Build.0 = Debug|Any CPU
		{029B7261-34F9-3805-78E7-067F8C499745}.Release|Any CPU.ActiveCfg = Release|Any CPU
		{029B7261-34F9-3805-78E7-067F8C499745}.Release|Any CPU.Build.0 = Release|Any CPU
		{2EBB1668-1F54-1484-03FC-1AD57FD1D4D3}.Debug|Any CPU.ActiveCfg = Debug|Any CPU
		{2EBB1668-1F54-1484-03FC-1AD57FD1D4D3}.Debug|Any CPU.Build.0 = Debug|Any CPU
		{2EBB1668-1F54-1484-03FC-1AD57FD1D4D3}.Release|Any CPU.ActiveCfg = Release|Any CPU
		{2EBB1668-1F54-1484-03FC-1AD57FD1D4D3}.Release|Any CPU.Build.0 = Release|Any CPU
		{A69F31EC-CAF0-B926-C5F6-2C4EAA58CB0D}.Debug|Any CPU.ActiveCfg = Debug|Any CPU
		{A69F31EC-CAF0-B926-C5F6-2C4EAA58CB0D}.Debug|Any CPU.Build.0 = Debug|Any CPU
		{A69F31EC-CAF0-B926-C5F6-2C4EAA58CB0D}.Release|Any CPU.ActiveCfg = Release|Any CPU
		{A69F31EC-CAF0-B926-C5F6-2C4EAA58CB0D}.Release|Any CPU.Build.0 = Release|Any CPU
	EndGlobalSection
	GlobalSection(SolutionProperties) = preSolution
		HideSolutionNode = FALSE
	EndGlobalSection
	GlobalSection(MonoDevelopProperties) = preSolution
		StartupItem = Assembly-CSharp.csproj
	EndGlobalSection
EndGlobal
